
Microsoft Visual Studio Solution File, Format Version 12.00
# Visual Studio Version 17
VisualStudioVersion = 17.0.31903.59
MinimumVisualStudioVersion = 10.0.40219.1
Project("{2150E333-8FDC-42A3-9474-1A3956D46DE8}") = "BuildingBlocks", "BuildingBlocks", "{7266C4A9-E384-DC00-0EB6-47F6002CFBA7}"
EndProject
Project("{FAE04EC0-301F-11D3-BF4B-00C04F79EFBC}") = "RentaTool.Shared.Infrastructure", "BuildingBlocks\RentaTool.Shared.Infrastructure\RentaTool.Shared.Infrastructure.csproj", "{FCD9393E-AAAD-4520-8EBD-30985AC21CE9}"
EndProject
Project("{FAE04EC0-301F-11D3-BF4B-00C04F79EFBC}") = "RentaTool.Shared.Kernel", "BuildingBlocks\RentaTool.Shared.Kernel\RentaTool.Shared.Kernel.csproj", "{C6E9010F-2AE8-4E8B-9814-5B92C328FA78}"
EndProject
Project("{2150E333-8FDC-42A3-9474-1A3956D46DE8}") = "Host", "Host", "{7226ABEA-787E-1D09-10EA-A2ECF996D6A6}"
EndProject
Project("{FAE04EC0-301F-11D3-BF4B-00C04F79EFBC}") = "RentaTool.API", "Host\RentaTool.API\RentaTool.API.csproj", "{3DB7936D-C208-4CF1-9B7A-9FB9C229BD56}"
EndProject
Project("{2150E333-8FDC-42A3-9474-1A3956D46DE8}") = "Modules", "Modules", "{CA253913-39DE-BFD0-C9A3-4B7EC6FBDF17}"
EndProject
Project("{2150E333-8FDC-42A3-9474-1A3956D46DE8}") = "Booking", "Booking", "{E786206D-41DF-7E7C-EFEE-0E57200D9493}"
EndProject
Project("{FAE04EC0-301F-11D3-BF4B-00C04F79EFBC}") = "RentaTool.Modules.Booking", "Modules\Booking\RentaTool.Modules.Booking\RentaTool.Modules.Booking.csproj", "{B1E795BA-E949-4503-BA5E-19A2812E6854}"
EndProject
Project("{2150E333-8FDC-42A3-9474-1A3956D46DE8}") = "Catalog", "Catalog", "{729B03C7-1C3E-5EDD-EDB4-38F58E22BDF1}"
EndProject
Project("{FAE04EC0-301F-11D3-BF4B-00C04F79EFBC}") = "RentaTool.Modules.Catalog", "Modules\Catalog\RentaTool.Modules.Catalog\RentaTool.Modules.Catalog.csproj", "{DE90FCDE-DA97-4C15-8463-D47179C70CBB}"
EndProject
Project("{2150E333-8FDC-42A3-9474-1A3956D46DE8}") = "Escrow", "Escrow", "{D861AD13-4B9D-93A8-BE8D-DC95F38F620B}"
EndProject
Project("{FAE04EC0-301F-11D3-BF4B-00C04F79EFBC}") = "RentaTool.Modules.Escrow", "Modules\Escrow\RentaTool.Modules.Escrow\RentaTool.Modules.Escrow.csproj", "{132CFAB7-468A-464B-A926-8A207BBAEB67}"
EndProject
Project("{2150E333-8FDC-42A3-9474-1A3956D46DE8}") = "Identity", "Identity", "{293C06CD-4E17-48BD-9F3B-B5ADDFFA9425}"
EndProject
Project("{FAE04EC0-301F-11D3-BF4B-00C04F79EFBC}") = "RentaTool.Modules.Identity", "Modules\Identity\RentaTool.Modules.Identity\RentaTool.Modules.Identity.csproj", "{98407326-5190-46E0-8F6F-B632F24AFB4C}"
EndProject
Global
	GlobalSection(SolutionConfigurationPlatforms) = preSolution
		Debug|Any CPU = Debug|Any CPU
		Debug|x64 = Debug|x64
		Debug|x86 = Debug|x86
		Release|Any CPU = Release|Any CPU
		Release|x64 = Release|x64
		Release|x86 = Release|x86
	EndGlobalSection
	GlobalSection(ProjectConfigurationPlatforms) = postSolution
		{FCD9393E-AAAD-4520-8EBD-30985AC21CE9}.Debug|Any CPU.ActiveCfg = Debug|Any CPU
		{FCD9393E-AAAD-4520-8EBD-30985AC21CE9}.Debug|Any CPU.Build.0 = Debug|Any CPU
		{FCD9393E-AAAD-4520-8EBD-30985AC21CE9}.Debug|x64.ActiveCfg = Debug|Any CPU
		{FCD9393E-AAAD-4520-8EBD-30985AC21CE9}.Debug|x64.Build.0 = Debug|Any CPU
		{FCD9393E-AAAD-4520-8EBD-30985AC21CE9}.Debug|x86.ActiveCfg = Debug|Any CPU
		{FCD9393E-AAAD-4520-8EBD-30985AC21CE9}.Debug|x86.Build.0 = Debug|Any CPU
		{FCD9393E-AAAD-4520-8EBD-30985AC21CE9}.Release|Any CPU.ActiveCfg = Release|Any CPU
		{FCD9393E-AAAD-4520-8EBD-30985AC21CE9}.Release|Any CPU.Build.0 = Release|Any CPU
		{FCD9393E-AAAD-4520-8EBD-30985AC21CE9}.Release|x64.ActiveCfg = Release|Any CPU
		{FCD9393E-AAAD-4520-8EBD-30985AC21CE9}.Release|x64.Build.0 = Release|Any CPU
		{FCD9393E-AAAD-4520-8EBD-30985AC21CE9}.Release|x86.ActiveCfg = Release|Any CPU
		{FCD9393E-AAAD-4520-8EBD-30985AC21CE9}.Release|x86.Build.0 = Release|Any CPU
		{C6E9010F-2AE8-4E8B-9814-5B92C328FA78}.Debug|Any CPU.ActiveCfg = Debug|Any CPU
		{C6E9010F-2AE8-4E8B-9814-5B92C328FA78}.Debug|Any CPU.Build.0 = Debug|Any CPU
		{C6E9010F-2AE8-4E8B-9814-5B92C328FA78}.Debug|x64.ActiveCfg = Debug|Any CPU
		{C6E9010F-2AE8-4E8B-9814-5B92C328FA78}.Debug|x64.Build.0 = Debug|Any CPU
		{C6E9010F-2AE8-4E8B-9814-5B92C328FA78}.Debug|x86.ActiveCfg = Debug|Any CPU
		{C6E9010F-2AE8-4E8B-9814-5B92C328FA78}.Debug|x86.Build.0 = Debug|Any CPU
		{C6E9010F-2AE8-4E8B-9814-5B92C328FA78}.Release|Any CPU.ActiveCfg = Release|Any CPU
		{C6E9010F-2AE8-4E8B-9814-5B92C328FA78}.Release|Any CPU.Build.0 = Release|Any CPU
		{C6E9010F-2AE8-4E8B-9814-5B92C328FA78}.Release|x64.ActiveCfg = Release|Any CPU
		{C6E9010F-2AE8-4E8B-9814-5B92C328FA78}.Release|x64.Build.0 = Release|Any CPU
		{C6E9010F-2AE8-4E8B-9814-5B92C328FA78}.Release|x86.ActiveCfg = Release|Any CPU
		{C6E9010F-2AE8-4E8B-9814-5B92C328FA78}.Release|x86.Build.0 = Release|Any CPU
		{3DB7936D-C208-4CF1-9B7A-9FB9C229BD56}.Debug|Any CPU.ActiveCfg = Debug|Any CPU
		{3DB7936D-C208-4CF1-9B7A-9FB9C229BD56}.Debug|Any CPU.Build.0 = Debug|Any CPU
		{3DB7936D-C208-4CF1-9B7A-9FB9C229BD56}.Debug|x64.ActiveCfg = Debug|Any CPU
		{3DB7936D-C208-4CF1-9B7A-9FB9C229BD56}.Debug|x64.Build.0 = Debug|Any CPU
		{3DB7936D-C208-4CF1-9B7A-9FB9C229BD56}.Debug|x86.ActiveCfg = Debug|Any CPU
		{3DB7936D-C208-4CF1-9B7A-9FB9C229BD56}.Debug|x86.Build.0 = Debug|Any CPU
		{3DB7936D-C208-4CF1-9B7A-9FB9C229BD56}.Release|Any CPU.ActiveCfg = Release|Any CPU
		{3DB7936D-C208-4CF1-9B7A-9FB9C229BD56}.Release|Any CPU.Build.0 = Release|Any CPU
		{3DB7936D-C208-4CF1-9B7A-9FB9C229BD56}.Release|x64.ActiveCfg = Release|Any CPU
		{3DB7936D-C208-4CF1-9B7A-9FB9C229BD56}.Release|x64.Build.0 = Release|Any CPU
		{3DB7936D-C208-4CF1-9B7A-9FB9C229BD56}.Release|x86.ActiveCfg = Release|Any CPU
		{3DB7936D-C208-4CF1-9B7A-9FB9C229BD56}.Release|x86.Build.0 = Release|Any CPU
		{B1E795BA-E949-4503-BA5E-19A2812E6854}.Debug|Any CPU.ActiveCfg = Debug|Any CPU
		{B1E795BA-E949-4503-BA5E-19A2812E6854}.Debug|Any CPU.Build.0 = Debug|Any CPU
		{B1E795BA-E949-4503-BA5E-19A2812E6854}.Debug|x64.ActiveCfg = Debug|Any CPU
		{B1E795BA-E949-4503-BA5E-19A2812E6854}.Debug|x64.Build.0 = Debug|Any CPU
		{B1E795BA-E949-4503-BA5E-19A2812E6854}.Debug|x86.ActiveCfg = Debug|Any CPU
		{B1E795BA-E949-4503-BA5E-19A2812E6854}.Debug|x86.Build.0 = Debug|Any CPU
		{B1E795BA-E949-4503-BA5E-19A2812E6854}.Release|Any CPU.ActiveCfg = Release|Any CPU
		{B1E795BA-E949-4503-BA5E-19A2812E6854}.Release|Any CPU.Build.0 = Release|Any CPU
		{B1E795BA-E949-4503-BA5E-19A2812E6854}.Release|x64.ActiveCfg = Release|Any CPU
		{B1E795BA-E949-4503-BA5E-19A2812E6854}.Release|x64.Build.0 = Release|Any CPU
		{B1E795BA-E949-4503-BA5E-19A2812E6854}.Release|x86.ActiveCfg = Release|Any CPU
		{B1E795BA-E949-4503-BA5E-19A2812E6854}.Release|x86.Build.0 = Release|Any CPU
		{DE90FCDE-DA97-4C15-8463-D47179C70CBB}.Debug|Any CPU.ActiveCfg = Debug|Any CPU
		{DE90FCDE-DA97-4C15-8463-D47179C70CBB}.Debug|Any CPU.Build.0 = Debug|Any CPU
		{DE90FCDE-DA97-4C15-8463-D47179C70CBB}.Debug|x64.ActiveCfg = Debug|Any CPU
		{DE90FCDE-DA97-4C15-8463-D47179C70CBB}.Debug|x64.Build.0 = Debug|Any CPU
		{DE90FCDE-DA97-4C15-8463-D47179C70CBB}.Debug|x86.ActiveCfg = Debug|Any CPU
		{DE90FCDE-DA97-4C15-8463-D47179C70CBB}.Debug|x86.Build.0 = Debug|Any CPU
		{DE90FCDE-DA97-4C15-8463-D47179C70CBB}.Release|Any CPU.ActiveCfg = Release|Any CPU
		{DE90FCDE-DA97-4C15-8463-D47179C70CBB}.Release|Any CPU.Build.0 = Release|Any CPU
		{DE90FCDE-DA97-4C15-8463-D47179C70CBB}.Release|x64.ActiveCfg = Release|Any CPU
		{DE90FCDE-DA97-4C15-8463-D47179C70CBB}.Release|x64.Build.0 = Release|Any CPU
		{DE90FCDE-DA97-4C15-8463-D47179C70CBB}.Release|x86.ActiveCfg = Release|Any CPU
		{DE90FCDE-DA97-4C15-8463-D47179C70CBB}.Release|x86.Build.0 = Release|Any CPU
		{132CFAB7-468A-464B-A926-8A207BBAEB67}.Debug|Any CPU.ActiveCfg = Debug|Any CPU
		{132CFAB7-468A-464B-A926-8A207BBAEB67}.Debug|Any CPU.Build.0 = Debug|Any CPU
		{132CFAB7-468A-464B-A926-8A207BBAEB67}.Debug|x64.ActiveCfg = Debug|Any CPU
		{132CFAB7-468A-464B-A926-8A207BBAEB67}.Debug|x64.Build.0 = Debug|Any CPU
		{132CFAB7-468A-464B-A926-8A207BBAEB67}.Debug|x86.ActiveCfg = Debug|Any CPU
		{132CFAB7-468A-464B-A926-8A207BBAEB67}.Debug|x86.Build.0 = Debug|Any CPU
		{132CFAB7-468A-464B-A926-8A207BBAEB67}.Release|Any CPU.ActiveCfg = Release|Any CPU
		{132CFAB7-468A-464B-A926-8A207BBAEB67}.Release|Any CPU.Build.0 = Release|Any CPU
		{132CFAB7-468A-464B-A926-8A207BBAEB67}.Release|x64.ActiveCfg = Release|Any CPU
		{132CFAB7-468A-464B-A926-8A207BBAEB67}.Release|x64.Build.0 = Release|Any CPU
		{132CFAB7-468A-464B-A926-8A207BBAEB67}.Release|x86.ActiveCfg = Release|Any CPU
		{132CFAB7-468A-464B-A926-8A207BBAEB67}.Release|x86.Build.0 = Release|Any CPU
		{98407326-5190-46E0-8F6F-B632F24AFB4C}.Debug|Any CPU.ActiveCfg = Debug|Any CPU
		{98407326-5190-46E0-8F6F-B632F24AFB4C}.Debug|Any CPU.Build.0 = Debug|Any CPU
		{98407326-5190-46E0-8F6F-B632F24AFB4C}.Debug|x64.ActiveCfg = Debug|Any CPU
		{98407326-5190-46E0-8F6F-B632F24AFB4C}.Debug|x64.Build.0 = Debug|Any CPU
		{98407326-5190-46E0-8F6F-B632F24AFB4C}.Debug|x86.ActiveCfg = Debug|Any CPU
		{98407326-5190-46E0-8F6F-B632F24AFB4C}.Debug|x86.Build.0 = Debug|Any CPU
		{98407326-5190-46E0-8F6F-B632F24AFB4C}.Release|Any CPU.ActiveCfg = Release|Any CPU
		{98407326-5190-46E0-8F6F-B632F24AFB4C}.Release|Any CPU.Build.0 = Release|Any CPU
		{98407326-5190-46E0-8F6F-B632F24AFB4C}.Release|x64.ActiveCfg = Release|Any CPU
		{98407326-5190-46E0-8F6F-B632F24AFB4C}.Release|x64.Build.0 = Release|Any CPU
		{98407326-5190-46E0-8F6F-B632F24AFB4C}.Release|x86.ActiveCfg = Release|Any CPU
		{98407326-5190-46E0-8F6F-B632F24AFB4C}.Release|x86.Build.0 = Release|Any CPU
	EndGlobalSection
	GlobalSection(SolutionProperties) = preSolution
		HideSolutionNode = FALSE
	EndGlobalSection
	GlobalSection(NestedProjects) = preSolution
		{FCD9393E-AAAD-4520-8EBD-30985AC21CE9} = {7266C4A9-E384-DC00-0EB6-47F6002CFBA7}
		{C6E9010F-2AE8-4E8B-9814-5B92C328FA78} = {7266C4A9-E384-DC00-0EB6-47F6002CFBA7}
		{3DB7936D-C208-4CF1-9B7A-9FB9C229BD56} = {7226ABEA-787E-1D09-10EA-A2ECF996D6A6}
		{E786206D-41DF-7E7C-EFEE-0E57200D9493} = {CA253913-39DE-BFD0-C9A3-4B7EC6FBDF17}
		{B1E795BA-E949-4503-BA5E-19A2812E6854} = {E786206D-41DF-7E7C-EFEE-0E57200D9493}
		{729B03C7-1C3E-5EDD-EDB4-38F58E22BDF1} = {CA253913-39DE-BFD0-C9A3-4B7EC6FBDF17}
		{DE90FCDE-DA97-4C15-8463-D47179C70CBB} = {729B03C7-1C3E-5EDD-EDB4-38F58E22BDF1}
		{D861AD13-4B9D-93A8-BE8D-DC95F38F620B} = {CA253913-39DE-BFD0-C9A3-4B7EC6FBDF17}
		{132CFAB7-468A-464B-A926-8A207BBAEB67} = {D861AD13-4B9D-93A8-BE8D-DC95F38F620B}
		{293C06CD-4E17-48BD-9F3B-B5ADDFFA9425} = {CA253913-39DE-BFD0-C9A3-4B7EC6FBDF17}
		{98407326-5190-46E0-8F6F-B632F24AFB4C} = {293C06CD-4E17-48BD-9F3B-B5ADDFFA9425}
	EndGlobalSection
EndGlobal
